
Microsoft Visual Studio Solution File, Format Version 12.00
# Visual Studio Version 17
VisualStudioVersion = 17.14.36603.0 d17.14
MinimumVisualStudioVersion = 10.0.40219.1
Project("{FAE04EC0-301F-11D3-BF4B-00C04F79EFBC}") = "wfb", "wfb\wfb.csproj", "{44299A23-9713-4018-BC6C-3EDD88DFFF9D}"
EndProject
Global
	GlobalSection(SolutionConfigurationPlatforms) = preSolution
		Debug|Any CPU = Debug|Any CPU
		Release|Any CPU = Release|Any CPU
	EndGlobalSection
	GlobalSection(ProjectConfigurationPlatforms) = postSolution
		{44299A23-9713-4018-BC6C-3EDD88DFFF9D}.Debug|Any CPU.ActiveCfg = Debug|Any CPU
		{44299A23-9713-4018-BC6C-3EDD88DFFF9D}.Debug|Any CPU.Build.0 = Debug|Any CPU
		{44299A23-9713-4018-BC6C-3EDD88DFFF9D}.Release|Any CPU.ActiveCfg = Release|Any CPU
		{44299A23-9713-4018-BC6C-3EDD88DFFF9D}.Release|Any CPU.Build.0 = Release|Any CPU
	EndGlobalSection
	GlobalSection(SolutionProperties) = preSolution
		HideSolutionNode = FALSE
	EndGlobalSection
	GlobalSection(ExtensibilityGlobals) = postSolution
		SolutionGuid = {3BEA7781-7BAE-480D-987A-5DDE97B16490}
	EndGlobalSection
EndGlobal
