
Microsoft Visual Studio Solution File, Format Version 12.00
# Visual Studio Version 17
VisualStudioVersion = 17.11.35327.3
MinimumVisualStudioVersion = 10.0.40219.1
Project("{FAE04EC0-301F-11D3-BF4B-00C04F79EFBC}") = "NetCore_Razor", "NetCore_Razor\NetCore_Razor.csproj", "{0D7DF0DF-CD52-41B8-8899-0FB398FADA6B}"
EndProject
Project("{FAE04EC0-301F-11D3-BF4B-00C04F79EFBC}") = "NetCore_Razor_2", "NetCore_Razor_2\NetCore_Razor_2.csproj", "{0964EB28-4C25-4EE5-8FC0-A6C5CD7D49C5}"
EndProject
Global
	GlobalSection(SolutionConfigurationPlatforms) = preSolution
		Debug|Any CPU = Debug|Any CPU
		Release|Any CPU = Release|Any CPU
	EndGlobalSection
	GlobalSection(ProjectConfigurationPlatforms) = postSolution
		{0D7DF0DF-CD52-41B8-8899-0FB398FADA6B}.Debug|Any CPU.ActiveCfg = Debug|Any CPU
		{0D7DF0DF-CD52-41B8-8899-0FB398FADA6B}.Debug|Any CPU.Build.0 = Debug|Any CPU
		{0D7DF0DF-CD52-41B8-8899-0FB398FADA6B}.Release|Any CPU.ActiveCfg = Release|Any CPU
		{0D7DF0DF-CD52-41B8-8899-0FB398FADA6B}.Release|Any CPU.Build.0 = Release|Any CPU
		{0964EB28-4C25-4EE5-8FC0-A6C5CD7D49C5}.Debug|Any CPU.ActiveCfg = Debug|Any CPU
		{0964EB28-4C25-4EE5-8FC0-A6C5CD7D49C5}.Debug|Any CPU.Build.0 = Debug|Any CPU
		{0964EB28-4C25-4EE5-8FC0-A6C5CD7D49C5}.Release|Any CPU.ActiveCfg = Release|Any CPU
		{0964EB28-4C25-4EE5-8FC0-A6C5CD7D49C5}.Release|Any CPU.Build.0 = Release|Any CPU
	EndGlobalSection
	GlobalSection(SolutionProperties) = preSolution
		HideSolutionNode = FALSE
	EndGlobalSection
	GlobalSection(ExtensibilityGlobals) = postSolution
		SolutionGuid = {A0E7BF5B-4344-4690-9020-BFD818C25E1D}
	EndGlobalSection
EndGlobal
