
Microsoft Visual Studio Solution File, Format Version 12.00
# Visual Studio Version 17
VisualStudioVersion = 17.3.32811.315
MinimumVisualStudioVersion = 10.0.40219.1
Project("{E24C65DC-7377-472B-9ABA-BC803B73C61A}") = "Inspinia", ".", "{593FFB22-0BDD-419A-9B40-8A5C167B9AD9}"
	ProjectSection(WebsiteProperties) = preProject
		TargetFrameworkMoniker = ".NETFramework,Version%3Dv4.0"
		Debug.AspNetCompiler.VirtualPath = "/localhost_64386"
		Debug.AspNetCompiler.PhysicalPath = "..\Inspinia\"
		Debug.AspNetCompiler.TargetPath = "PrecompiledWeb\localhost_64386\"
		Debug.AspNetCompiler.Updateable = "true"
		Debug.AspNetCompiler.ForceOverwrite = "true"
		Debug.AspNetCompiler.FixedNames = "false"
		Debug.AspNetCompiler.Debug = "True"
		Release.AspNetCompiler.VirtualPath = "/localhost_64386"
		Release.AspNetCompiler.PhysicalPath = "..\Inspinia\"
		Release.AspNetCompiler.TargetPath = "PrecompiledWeb\localhost_64386\"
		Release.AspNetCompiler.Updateable = "true"
		Release.AspNetCompiler.ForceOverwrite = "true"
		Release.AspNetCompiler.FixedNames = "false"
		Release.AspNetCompiler.Debug = "False"
		VWDPort = "64386"
		SlnRelativePath = "..\Inspinia\"
	EndProjectSection
EndProject
Global
	GlobalSection(SolutionConfigurationPlatforms) = preSolution
		Debug|Any CPU = Debug|Any CPU
	EndGlobalSection
	GlobalSection(ProjectConfigurationPlatforms) = postSolution
		{593FFB22-0BDD-419A-9B40-8A5C167B9AD9}.Debug|Any CPU.ActiveCfg = Debug|Any CPU
		{593FFB22-0BDD-419A-9B40-8A5C167B9AD9}.Debug|Any CPU.Build.0 = Debug|Any CPU
	EndGlobalSection
	GlobalSection(SolutionProperties) = preSolution
		HideSolutionNode = FALSE
	EndGlobalSection
	GlobalSection(ExtensibilityGlobals) = postSolution
		SolutionGuid = {71695864-4996-491D-8161-9383D45DD22B}
	EndGlobalSection
EndGlobal
