
Microsoft Visual Studio Solution File, Format Version 12.00
# Visual Studio Version 17
VisualStudioVersion = 17.3.32811.315
MinimumVisualStudioVersion = 10.0.40219.1
Project("{F184B08F-C81C-45F6-A57F-5ABD9991F28F}") = "cslreports", "cslreports\cslreports.vbproj", "{CD8E53D2-B177-494B-AE08-1CEEF98E43D7}"
EndProject
Project("{E24C65DC-7377-472B-9ABA-BC803B73C61A}") = "cslreports_admin", "cslreports_admin\", "{B6E49047-4D9A-4DC0-BDD5-0645ED13D9EE}"
	ProjectSection(WebsiteProperties) = preProject
		TargetFrameworkMoniker = ".NETFramework,Version%3Dv4.8"
		Debug.AspNetCompiler.VirtualPath = "/localhost_63146"
		Debug.AspNetCompiler.PhysicalPath = "cslreports_admin\"
		Debug.AspNetCompiler.TargetPath = "PrecompiledWeb\localhost_63146\"
		Debug.AspNetCompiler.Updateable = "true"
		Debug.AspNetCompiler.ForceOverwrite = "true"
		Debug.AspNetCompiler.FixedNames = "false"
		Debug.AspNetCompiler.Debug = "True"
		Release.AspNetCompiler.VirtualPath = "/localhost_63146"
		Release.AspNetCompiler.PhysicalPath = "cslreports_admin\"
		Release.AspNetCompiler.TargetPath = "PrecompiledWeb\localhost_63146\"
		Release.AspNetCompiler.Updateable = "true"
		Release.AspNetCompiler.ForceOverwrite = "true"
		Release.AspNetCompiler.FixedNames = "false"
		Release.AspNetCompiler.Debug = "False"
		VWDPort = "63146"
		SlnRelativePath = "cslreports_admin\"
	EndProjectSection
EndProject
Global
	GlobalSection(SolutionConfigurationPlatforms) = preSolution
		Debug|Any CPU = Debug|Any CPU
		Release|Any CPU = Release|Any CPU
	EndGlobalSection
	GlobalSection(ProjectConfigurationPlatforms) = postSolution
		{CD8E53D2-B177-494B-AE08-1CEEF98E43D7}.Debug|Any CPU.ActiveCfg = Debug|Any CPU
		{CD8E53D2-B177-494B-AE08-1CEEF98E43D7}.Debug|Any CPU.Build.0 = Debug|Any CPU
		{CD8E53D2-B177-494B-AE08-1CEEF98E43D7}.Release|Any CPU.ActiveCfg = Release|Any CPU
		{CD8E53D2-B177-494B-AE08-1CEEF98E43D7}.Release|Any CPU.Build.0 = Release|Any CPU
		{B6E49047-4D9A-4DC0-BDD5-0645ED13D9EE}.Debug|Any CPU.ActiveCfg = Debug|Any CPU
		{B6E49047-4D9A-4DC0-BDD5-0645ED13D9EE}.Debug|Any CPU.Build.0 = Debug|Any CPU
		{B6E49047-4D9A-4DC0-BDD5-0645ED13D9EE}.Release|Any CPU.ActiveCfg = Debug|Any CPU
		{B6E49047-4D9A-4DC0-BDD5-0645ED13D9EE}.Release|Any CPU.Build.0 = Debug|Any CPU
	EndGlobalSection
	GlobalSection(SolutionProperties) = preSolution
		HideSolutionNode = FALSE
	EndGlobalSection
	GlobalSection(ExtensibilityGlobals) = postSolution
		SolutionGuid = {2F49FBE9-7A69-44B6-BFAE-215766F5AA83}
	EndGlobalSection
EndGlobal
