
Microsoft Visual Studio Solution File, Format Version 12.00
# Visual Studio Version 17
VisualStudioVersion = 17.3.32811.315
MinimumVisualStudioVersion = 10.0.40219.1
Project("{E24C65DC-7377-472B-9ABA-BC803B73C61A}") = "CSL-Admin", ".", "{DEBC0B6F-3858-4258-9B48-176B94548832}"
	ProjectSection(WebsiteProperties) = preProject
		TargetFrameworkMoniker = ".NETFramework,Version%3Dv4.8"
		Debug.AspNetCompiler.VirtualPath = "/localhost_54143"
		Debug.AspNetCompiler.PhysicalPath = "..\CSL\"
		Debug.AspNetCompiler.TargetPath = "PrecompiledWeb\localhost_54143\"
		Debug.AspNetCompiler.Updateable = "true"
		Debug.AspNetCompiler.ForceOverwrite = "true"
		Debug.AspNetCompiler.FixedNames = "false"
		Debug.AspNetCompiler.Debug = "True"
		Release.AspNetCompiler.VirtualPath = "/localhost_54143"
		Release.AspNetCompiler.PhysicalPath = "..\CSL\"
		Release.AspNetCompiler.TargetPath = "PrecompiledWeb\localhost_54143\"
		Release.AspNetCompiler.Updateable = "true"
		Release.AspNetCompiler.ForceOverwrite = "true"
		Release.AspNetCompiler.FixedNames = "false"
		Release.AspNetCompiler.Debug = "False"
		VWDPort = "54143"
		SlnRelativePath = "..\CSL\"
	EndProjectSection
EndProject
Global
	GlobalSection(SolutionConfigurationPlatforms) = preSolution
		Debug|Any CPU = Debug|Any CPU
	EndGlobalSection
	GlobalSection(ProjectConfigurationPlatforms) = postSolution
		{DEBC0B6F-3858-4258-9B48-176B94548832}.Debug|Any CPU.ActiveCfg = Debug|Any CPU
		{DEBC0B6F-3858-4258-9B48-176B94548832}.Debug|Any CPU.Build.0 = Debug|Any CPU
	EndGlobalSection
	GlobalSection(SolutionProperties) = preSolution
		HideSolutionNode = FALSE
	EndGlobalSection
	GlobalSection(ExtensibilityGlobals) = postSolution
		SolutionGuid = {1E3255B3-BC1F-4463-98F5-04CE67EE7C82}
	EndGlobalSection
EndGlobal
