
Microsoft Visual Studio Solution File, Format Version 12.00
# Visual Studio Version 17
VisualStudioVersion = 17.3.32811.315
MinimumVisualStudioVersion = 10.0.40219.1
Project("{E24C65DC-7377-472B-9ABA-BC803B73C61A}") = "Gp", "Gp\", "{AE4E5A45-CA2E-435A-AA6A-A0EC0A7396E6}"
	ProjectSection(WebsiteProperties) = preProject
		TargetFrameworkMoniker = ".NETFramework,Version%3Dv4.0"
		Debug.AspNetCompiler.VirtualPath = "/localhost_58153"
		Debug.AspNetCompiler.PhysicalPath = "Gp\"
		Debug.AspNetCompiler.TargetPath = "PrecompiledWeb\localhost_58153\"
		Debug.AspNetCompiler.Updateable = "true"
		Debug.AspNetCompiler.ForceOverwrite = "true"
		Debug.AspNetCompiler.FixedNames = "false"
		Debug.AspNetCompiler.Debug = "True"
		Release.AspNetCompiler.VirtualPath = "/localhost_58153"
		Release.AspNetCompiler.PhysicalPath = "Gp\"
		Release.AspNetCompiler.TargetPath = "PrecompiledWeb\localhost_58153\"
		Release.AspNetCompiler.Updateable = "true"
		Release.AspNetCompiler.ForceOverwrite = "true"
		Release.AspNetCompiler.FixedNames = "false"
		Release.AspNetCompiler.Debug = "False"
		VWDPort = "58153"
		SlnRelativePath = "Gp\"
	EndProjectSection
EndProject
Global
	GlobalSection(SolutionConfigurationPlatforms) = preSolution
		Debug|Any CPU = Debug|Any CPU
	EndGlobalSection
	GlobalSection(ProjectConfigurationPlatforms) = postSolution
		{AE4E5A45-CA2E-435A-AA6A-A0EC0A7396E6}.Debug|Any CPU.ActiveCfg = Debug|Any CPU
		{AE4E5A45-CA2E-435A-AA6A-A0EC0A7396E6}.Debug|Any CPU.Build.0 = Debug|Any CPU
	EndGlobalSection
	GlobalSection(SolutionProperties) = preSolution
		HideSolutionNode = FALSE
	EndGlobalSection
	GlobalSection(ExtensibilityGlobals) = postSolution
		SolutionGuid = {A5BC1D79-86B6-474C-A010-8242F8B4859F}
	EndGlobalSection
EndGlobal
