
Microsoft Visual Studio Solution File, Format Version 12.00
# Visual Studio Version 17
VisualStudioVersion = 17.0.32126.317
MinimumVisualStudioVersion = 10.0.40219.1
Project("{F184B08F-C81C-45F6-A57F-5ABD9991F28F}") = "CannaMedsBrasil", "CannaMedsBrasil\CannaMedsBrasil.vbproj", "{48271797-EC19-42BE-89FA-02BA993B9AC6}"
EndProject
Project("{F184B08F-C81C-45F6-A57F-5ABD9991F28F}") = "Chapeira", "Chapeira\Chapeira.vbproj", "{AF8F2D67-A89F-4281-BC26-9A8F6E627BF8}"
EndProject
Project("{F184B08F-C81C-45F6-A57F-5ABD9991F28F}") = "BIP", "BIP\BIP.vbproj", "{45C8CEDB-26CF-446B-B334-7CD97F843D0B}"
EndProject
Project("{F184B08F-C81C-45F6-A57F-5ABD9991F28F}") = "BiPh", "BiPh\BiPh.vbproj", "{D81A9CFA-3599-43A7-B855-93D0DEDC7E8A}"
EndProject
Project("{F184B08F-C81C-45F6-A57F-5ABD9991F28F}") = "Tarefas", "Tarefas\Tarefas.vbproj", "{89ABEF16-BE2C-49EB-9716-333A4C411706}"
EndProject
Project("{F184B08F-C81C-45F6-A57F-5ABD9991F28F}") = "DoutorCRM", "DoutorCRM\DoutorCRM.vbproj", "{17B00820-8E9C-460C-AE30-4EB4E8351DEC}"
EndProject
Project("{F184B08F-C81C-45F6-A57F-5ABD9991F28F}") = "Flacto", "Flacto\Flacto.vbproj", "{4C5D5F06-8330-48D6-98D3-D4FF9C433C9F}"
EndProject
Project("{F184B08F-C81C-45F6-A57F-5ABD9991F28F}") = "EPlanner", "EPlanner\EPlanner.vbproj", "{C7525D93-D7AF-49D0-8055-47200BE7419C}"
EndProject
Project("{F184B08F-C81C-45F6-A57F-5ABD9991F28F}") = "Chapeira-Eplanner", "Chapeira-Eplanner\Chapeira-Eplanner.vbproj", "{B512EB31-3776-40F7-9B08-7640BDDEA075}"
EndProject
Project("{F184B08F-C81C-45F6-A57F-5ABD9991F28F}") = "BiPharmaceuticals", "BiPharmaceuticals\BiPharmaceuticals.vbproj", "{17F4A449-28DA-427F-8874-2F8D0F34211D}"
EndProject
Project("{F184B08F-C81C-45F6-A57F-5ABD9991F28F}") = "BiHospitalar2020", "BiHospitalar2020\BiHospitalar2020.vbproj", "{04720B75-BFA4-470E-8EE3-714B04ACC38E}"
EndProject
Project("{E24C65DC-7377-472B-9ABA-BC803B73C61A}") = "Visitas", "Visitas\", "{3CDA2CD7-635F-4E57-A238-97A79B815ECF}"
	ProjectSection(WebsiteProperties) = preProject
		TargetFrameworkMoniker = ".NETFramework,Version%3Dv4.8"
		Debug.AspNetCompiler.VirtualPath = "/localhost_55619"
		Debug.AspNetCompiler.PhysicalPath = "Visitas\"
		Debug.AspNetCompiler.TargetPath = "PrecompiledWeb\localhost_55619\"
		Debug.AspNetCompiler.Updateable = "true"
		Debug.AspNetCompiler.ForceOverwrite = "true"
		Debug.AspNetCompiler.FixedNames = "false"
		Debug.AspNetCompiler.Debug = "True"
		Release.AspNetCompiler.VirtualPath = "/localhost_55619"
		Release.AspNetCompiler.PhysicalPath = "Visitas\"
		Release.AspNetCompiler.TargetPath = "PrecompiledWeb\localhost_55619\"
		Release.AspNetCompiler.Updateable = "true"
		Release.AspNetCompiler.ForceOverwrite = "true"
		Release.AspNetCompiler.FixedNames = "false"
		Release.AspNetCompiler.Debug = "False"
		VWDPort = "55619"
		SlnRelativePath = "Visitas\"
	EndProjectSection
EndProject
Project("{E24C65DC-7377-472B-9ABA-BC803B73C61A}") = "SiteTemplate(1)", "SiteTemplate\", "{62B42AB6-4249-4F9D-AB29-1761FB52F87D}"
	ProjectSection(WebsiteProperties) = preProject
		TargetFrameworkMoniker = ".NETFramework,Version%3Dv4.8"
		Debug.AspNetCompiler.VirtualPath = "/localhost_60039"
		Debug.AspNetCompiler.PhysicalPath = "SiteTemplate\"
		Debug.AspNetCompiler.TargetPath = "PrecompiledWeb\localhost_60039\"
		Debug.AspNetCompiler.Updateable = "true"
		Debug.AspNetCompiler.ForceOverwrite = "true"
		Debug.AspNetCompiler.FixedNames = "false"
		Debug.AspNetCompiler.Debug = "True"
		Release.AspNetCompiler.VirtualPath = "/localhost_60039"
		Release.AspNetCompiler.PhysicalPath = "SiteTemplate\"
		Release.AspNetCompiler.TargetPath = "PrecompiledWeb\localhost_60039\"
		Release.AspNetCompiler.Updateable = "true"
		Release.AspNetCompiler.ForceOverwrite = "true"
		Release.AspNetCompiler.FixedNames = "false"
		Release.AspNetCompiler.Debug = "False"
		VWDPort = "60039"
		SlnRelativePath = "SiteTemplate\"
		DefaultWebSiteLanguage = "Visual Basic"
	EndProjectSection
EndProject
Global
	GlobalSection(SolutionConfigurationPlatforms) = preSolution
		Debug|Any CPU = Debug|Any CPU
		Release|Any CPU = Release|Any CPU
	EndGlobalSection
	GlobalSection(ProjectConfigurationPlatforms) = postSolution
		{48271797-EC19-42BE-89FA-02BA993B9AC6}.Debug|Any CPU.ActiveCfg = Debug|Any CPU
		{48271797-EC19-42BE-89FA-02BA993B9AC6}.Debug|Any CPU.Build.0 = Debug|Any CPU
		{48271797-EC19-42BE-89FA-02BA993B9AC6}.Release|Any CPU.ActiveCfg = Release|Any CPU
		{48271797-EC19-42BE-89FA-02BA993B9AC6}.Release|Any CPU.Build.0 = Release|Any CPU
		{AF8F2D67-A89F-4281-BC26-9A8F6E627BF8}.Debug|Any CPU.ActiveCfg = Debug|Any CPU
		{AF8F2D67-A89F-4281-BC26-9A8F6E627BF8}.Debug|Any CPU.Build.0 = Debug|Any CPU
		{AF8F2D67-A89F-4281-BC26-9A8F6E627BF8}.Release|Any CPU.ActiveCfg = Release|Any CPU
		{AF8F2D67-A89F-4281-BC26-9A8F6E627BF8}.Release|Any CPU.Build.0 = Release|Any CPU
		{45C8CEDB-26CF-446B-B334-7CD97F843D0B}.Debug|Any CPU.ActiveCfg = Debug|Any CPU
		{45C8CEDB-26CF-446B-B334-7CD97F843D0B}.Debug|Any CPU.Build.0 = Debug|Any CPU
		{45C8CEDB-26CF-446B-B334-7CD97F843D0B}.Release|Any CPU.ActiveCfg = Release|Any CPU
		{45C8CEDB-26CF-446B-B334-7CD97F843D0B}.Release|Any CPU.Build.0 = Release|Any CPU
		{D81A9CFA-3599-43A7-B855-93D0DEDC7E8A}.Debug|Any CPU.ActiveCfg = Debug|Any CPU
		{D81A9CFA-3599-43A7-B855-93D0DEDC7E8A}.Debug|Any CPU.Build.0 = Debug|Any CPU
		{D81A9CFA-3599-43A7-B855-93D0DEDC7E8A}.Release|Any CPU.ActiveCfg = Release|Any CPU
		{D81A9CFA-3599-43A7-B855-93D0DEDC7E8A}.Release|Any CPU.Build.0 = Release|Any CPU
		{89ABEF16-BE2C-49EB-9716-333A4C411706}.Debug|Any CPU.ActiveCfg = Debug|Any CPU
		{89ABEF16-BE2C-49EB-9716-333A4C411706}.Debug|Any CPU.Build.0 = Debug|Any CPU
		{89ABEF16-BE2C-49EB-9716-333A4C411706}.Release|Any CPU.ActiveCfg = Release|Any CPU
		{89ABEF16-BE2C-49EB-9716-333A4C411706}.Release|Any CPU.Build.0 = Release|Any CPU
		{17B00820-8E9C-460C-AE30-4EB4E8351DEC}.Debug|Any CPU.ActiveCfg = Debug|Any CPU
		{17B00820-8E9C-460C-AE30-4EB4E8351DEC}.Debug|Any CPU.Build.0 = Debug|Any CPU
		{17B00820-8E9C-460C-AE30-4EB4E8351DEC}.Release|Any CPU.ActiveCfg = Release|Any CPU
		{17B00820-8E9C-460C-AE30-4EB4E8351DEC}.Release|Any CPU.Build.0 = Release|Any CPU
		{4C5D5F06-8330-48D6-98D3-D4FF9C433C9F}.Debug|Any CPU.ActiveCfg = Debug|Any CPU
		{4C5D5F06-8330-48D6-98D3-D4FF9C433C9F}.Debug|Any CPU.Build.0 = Debug|Any CPU
		{4C5D5F06-8330-48D6-98D3-D4FF9C433C9F}.Release|Any CPU.ActiveCfg = Release|Any CPU
		{4C5D5F06-8330-48D6-98D3-D4FF9C433C9F}.Release|Any CPU.Build.0 = Release|Any CPU
		{C7525D93-D7AF-49D0-8055-47200BE7419C}.Debug|Any CPU.ActiveCfg = Debug|Any CPU
		{C7525D93-D7AF-49D0-8055-47200BE7419C}.Debug|Any CPU.Build.0 = Debug|Any CPU
		{C7525D93-D7AF-49D0-8055-47200BE7419C}.Release|Any CPU.ActiveCfg = Release|Any CPU
		{C7525D93-D7AF-49D0-8055-47200BE7419C}.Release|Any CPU.Build.0 = Release|Any CPU
		{B512EB31-3776-40F7-9B08-7640BDDEA075}.Debug|Any CPU.ActiveCfg = Debug|Any CPU
		{B512EB31-3776-40F7-9B08-7640BDDEA075}.Debug|Any CPU.Build.0 = Debug|Any CPU
		{B512EB31-3776-40F7-9B08-7640BDDEA075}.Release|Any CPU.ActiveCfg = Release|Any CPU
		{B512EB31-3776-40F7-9B08-7640BDDEA075}.Release|Any CPU.Build.0 = Release|Any CPU
		{17F4A449-28DA-427F-8874-2F8D0F34211D}.Debug|Any CPU.ActiveCfg = Debug|Any CPU
		{17F4A449-28DA-427F-8874-2F8D0F34211D}.Debug|Any CPU.Build.0 = Debug|Any CPU
		{17F4A449-28DA-427F-8874-2F8D0F34211D}.Release|Any CPU.ActiveCfg = Release|Any CPU
		{17F4A449-28DA-427F-8874-2F8D0F34211D}.Release|Any CPU.Build.0 = Release|Any CPU
		{04720B75-BFA4-470E-8EE3-714B04ACC38E}.Debug|Any CPU.ActiveCfg = Debug|Any CPU
		{04720B75-BFA4-470E-8EE3-714B04ACC38E}.Debug|Any CPU.Build.0 = Debug|Any CPU
		{04720B75-BFA4-470E-8EE3-714B04ACC38E}.Release|Any CPU.ActiveCfg = Release|Any CPU
		{04720B75-BFA4-470E-8EE3-714B04ACC38E}.Release|Any CPU.Build.0 = Release|Any CPU
		{3CDA2CD7-635F-4E57-A238-97A79B815ECF}.Debug|Any CPU.ActiveCfg = Debug|Any CPU
		{3CDA2CD7-635F-4E57-A238-97A79B815ECF}.Debug|Any CPU.Build.0 = Debug|Any CPU
		{3CDA2CD7-635F-4E57-A238-97A79B815ECF}.Release|Any CPU.ActiveCfg = Debug|Any CPU
		{3CDA2CD7-635F-4E57-A238-97A79B815ECF}.Release|Any CPU.Build.0 = Debug|Any CPU
		{62B42AB6-4249-4F9D-AB29-1761FB52F87D}.Debug|Any CPU.ActiveCfg = Debug|Any CPU
		{62B42AB6-4249-4F9D-AB29-1761FB52F87D}.Debug|Any CPU.Build.0 = Debug|Any CPU
		{62B42AB6-4249-4F9D-AB29-1761FB52F87D}.Release|Any CPU.ActiveCfg = Debug|Any CPU
		{62B42AB6-4249-4F9D-AB29-1761FB52F87D}.Release|Any CPU.Build.0 = Debug|Any CPU
	EndGlobalSection
	GlobalSection(SolutionProperties) = preSolution
		HideSolutionNode = FALSE
	EndGlobalSection
	GlobalSection(ExtensibilityGlobals) = postSolution
		SolutionGuid = {80B00E95-D887-452F-BF9C-6ABBA65CF053}
	EndGlobalSection
EndGlobal
