
Microsoft Visual Studio Solution File, Format Version 12.00
# Visual Studio Version 17
VisualStudioVersion = 17.11.35327.3
MinimumVisualStudioVersion = 10.0.40219.1
Project("{E24C65DC-7377-472B-9ABA-BC803B73C61A}") = "SOM", "SOM\", "{E3C37E7C-05A8-4696-9FD7-DDC6C54F24A2}"
	ProjectSection(WebsiteProperties) = preProject
		TargetFrameworkMoniker = ".NETFramework,Version%3Dv4.8.1"
		Debug.AspNetCompiler.VirtualPath = "/localhost_54957"
		Debug.AspNetCompiler.PhysicalPath = "SOM\"
		Debug.AspNetCompiler.TargetPath = "PrecompiledWeb\localhost_54957\"
		Debug.AspNetCompiler.Updateable = "true"
		Debug.AspNetCompiler.ForceOverwrite = "true"
		Debug.AspNetCompiler.FixedNames = "false"
		Debug.AspNetCompiler.Debug = "True"
		Release.AspNetCompiler.VirtualPath = "/localhost_54957"
		Release.AspNetCompiler.PhysicalPath = "SOM\"
		Release.AspNetCompiler.TargetPath = "PrecompiledWeb\localhost_54957\"
		Release.AspNetCompiler.Updateable = "true"
		Release.AspNetCompiler.ForceOverwrite = "true"
		Release.AspNetCompiler.FixedNames = "false"
		Release.AspNetCompiler.Debug = "False"
		VWDPort = "54957"
		SlnRelativePath = "SOM\"
		DefaultWebSiteLanguage = "Visual Basic"
	EndProjectSection
EndProject
Project("{E24C65DC-7377-472B-9ABA-BC803B73C61A}") = "ICU", "ICU\", "{51FCC8C0-1F90-486D-B29E-585730D8743C}"
	ProjectSection(WebsiteProperties) = preProject
		TargetFrameworkMoniker = ".NETFramework,Version%3Dv4.8"
		Debug.AspNetCompiler.VirtualPath = "/localhost_54965"
		Debug.AspNetCompiler.PhysicalPath = "ICU\"
		Debug.AspNetCompiler.TargetPath = "PrecompiledWeb\localhost_54965\"
		Debug.AspNetCompiler.Updateable = "true"
		Debug.AspNetCompiler.ForceOverwrite = "true"
		Debug.AspNetCompiler.FixedNames = "false"
		Debug.AspNetCompiler.Debug = "True"
		Release.AspNetCompiler.VirtualPath = "/localhost_54965"
		Release.AspNetCompiler.PhysicalPath = "ICU\"
		Release.AspNetCompiler.TargetPath = "PrecompiledWeb\localhost_54965\"
		Release.AspNetCompiler.Updateable = "true"
		Release.AspNetCompiler.ForceOverwrite = "true"
		Release.AspNetCompiler.FixedNames = "false"
		Release.AspNetCompiler.Debug = "False"
		VWDPort = "54965"
		SlnRelativePath = "ICU\"
	EndProjectSection
EndProject
Global
	GlobalSection(SolutionConfigurationPlatforms) = preSolution
		Debug|Any CPU = Debug|Any CPU
	EndGlobalSection
	GlobalSection(ProjectConfigurationPlatforms) = postSolution
		{E3C37E7C-05A8-4696-9FD7-DDC6C54F24A2}.Debug|Any CPU.ActiveCfg = Debug|Any CPU
		{E3C37E7C-05A8-4696-9FD7-DDC6C54F24A2}.Debug|Any CPU.Build.0 = Debug|Any CPU
		{51FCC8C0-1F90-486D-B29E-585730D8743C}.Debug|Any CPU.ActiveCfg = Debug|Any CPU
		{51FCC8C0-1F90-486D-B29E-585730D8743C}.Debug|Any CPU.Build.0 = Debug|Any CPU
	EndGlobalSection
	GlobalSection(SolutionProperties) = preSolution
		HideSolutionNode = FALSE
	EndGlobalSection
	GlobalSection(ExtensibilityGlobals) = postSolution
		SolutionGuid = {B27F7AE0-4F0A-4EB0-8811-C3160C92BC4B}
	EndGlobalSection
EndGlobal
