
Microsoft Visual Studio Solution File, Format Version 12.00
# Visual Studio Version 17
VisualStudioVersion = 17.0.32126.317
MinimumVisualStudioVersion = 10.0.40219.1
Project("{2150E333-8FDC-42A3-9474-1A3956D46DE8}") = "Solution Items", "Solution Items", "{19D78B4D-383B-4B8C-AFA2-A4C32E21FD8C}"
EndProject
Project("{F184B08F-C81C-45F6-A57F-5ABD9991F28F}") = "propostas", "propostas\propostas.vbproj", "{C8CE700B-3C6F-4F96-92AC-D990CF49699F}"
EndProject
Project("{F184B08F-C81C-45F6-A57F-5ABD9991F28F}") = "ARGENTINA_COMPRAS", "ARGENTINA_COMPRAS\ARGENTINA_COMPRAS.vbproj", "{31442B78-F2FC-4F58-B2D1-AA7458BCCE52}"
EndProject
Project("{F184B08F-C81C-45F6-A57F-5ABD9991F28F}") = "ARGENTINA_01_PROCESSOS", "ARGENTINA_01_PROCESSOS\ARGENTINA_01_PROCESSOS.vbproj", "{C93B6F93-9F23-4917-B883-9E7F55B825D1}"
EndProject
Project("{F184B08F-C81C-45F6-A57F-5ABD9991F28F}") = "ARGENTINA_02_PRODUTOS", "ARGENTINA_02_PRODUTOS\ARGENTINA_02_PRODUTOS.vbproj", "{658EE128-8A6F-46CC-BE61-4AAA2C12BFE7}"
EndProject
Project("{F184B08F-C81C-45F6-A57F-5ABD9991F28F}") = "SIASG_01_GRUPOS_DOWNLOAD", "SIASG_01_GRUPOS_DOWNLOAD\SIASG_01_GRUPOS_DOWNLOAD.vbproj", "{97A8D1F9-3203-4EBA-A685-419675AD1BC3}"
EndProject
Project("{F184B08F-C81C-45F6-A57F-5ABD9991F28F}") = "SIASG_01_GRUPOS_IMPORT", "SIASG_01_GRUPOS_IMPORT\SIASG_01_GRUPOS_IMPORT.vbproj", "{86A008B7-C1F5-44E0-A5F3-204AEB71B304}"
EndProject
Project("{F184B08F-C81C-45F6-A57F-5ABD9991F28F}") = "SIASG_02_CLASSES_DOWNLOAD", "SIASG_02_CLASSES_DOWNLOAD\SIASG_02_CLASSES_DOWNLOAD.vbproj", "{3766C71A-6D46-4EEC-8B72-4D0D0A45904F}"
EndProject
Project("{F184B08F-C81C-45F6-A57F-5ABD9991F28F}") = "SIASG_02_CLASSES_IMPORT", "SIASG_02_CLASSES_IMPORT\SIASG_02_CLASSES_IMPORT.vbproj", "{F7C69809-9EC7-4431-BB4B-742434F07E22}"
EndProject
Project("{F184B08F-C81C-45F6-A57F-5ABD9991F28F}") = "SIASG_03_PDM_DOWNLOAD", "SIASG_03_PDM_DOWNLOAD\SIASG_03_PDM_DOWNLOAD.vbproj", "{975EBAE7-BAE9-4A0D-86CB-28942076BA03}"
EndProject
Project("{F184B08F-C81C-45F6-A57F-5ABD9991F28F}") = "SIASG_03_PDM_IMPORT", "SIASG_03_PDM_IMPORT\SIASG_03_PDM_IMPORT.vbproj", "{4F5E9BE5-A44D-49D2-AD4A-A100491DA3C3}"
EndProject
Project("{F184B08F-C81C-45F6-A57F-5ABD9991F28F}") = "SIASG_04_MATERIAIS_DOWNLOAD", "SIASG_04_MATERIAIS_DOWNLOAD\SIASG_04_MATERIAIS_DOWNLOAD.vbproj", "{CDABF63B-26CA-42B1-809D-59760744FA90}"
EndProject
Project("{F184B08F-C81C-45F6-A57F-5ABD9991F28F}") = "SIASG_04_MATERIAIS_IMPORT", "SIASG_04_MATERIAIS_IMPORT\SIASG_04_MATERIAIS_IMPORT.vbproj", "{597FBA92-0659-4604-B5A7-15C34F6DCB51}"
EndProject
Project("{F184B08F-C81C-45F6-A57F-5ABD9991F28F}") = "SIASG_05_LICITACOES_DOWNLOAD", "SIASG_05_LICITACOES_DOWNLOAD\SIASG_05_LICITACOES_DOWNLOAD.vbproj", "{FC8AA02F-F0D7-4896-B727-EDFF9CC8E4AD}"
EndProject
Project("{F184B08F-C81C-45F6-A57F-5ABD9991F28F}") = "SIASG_04_MATERIAIS_DOWNLOAD_CLASSE_6515", "SIASG_04_MATERIAIS_DOWNLOAD_CLASSE_6515\SIASG_04_MATERIAIS_DOWNLOAD_CLASSE_6515.vbproj", "{37D6431B-06CC-48EB-834C-3496862EF4FF}"
EndProject
Project("{F184B08F-C81C-45F6-A57F-5ABD9991F28F}") = "SIASG_00_PREGOES_DOWNLOAD", "SIASG_00_PREGOES_DOWNLOAD\SIASG_00_PREGOES_DOWNLOAD.vbproj", "{C0713D1D-0745-4DF4-931C-B37BAF30EFBB}"
EndProject
Project("{F184B08F-C81C-45F6-A57F-5ABD9991F28F}") = "SIASG_00_PREGOES_IMPORT", "SIASG_00_PREGOES_IMPORT\SIASG_00_PREGOES_IMPORT.vbproj", "{99198B89-8032-4B3D-93FD-AE0D685C45B4}"
EndProject
Project("{F184B08F-C81C-45F6-A57F-5ABD9991F28F}") = "SIASG_05_LICITACOES_IMPORT", "SIASG_05_LICITACOES_IMPORT\SIASG_05_LICITACOES_IMPORT.vbproj", "{12C6F767-3EF5-48C1-8911-504628864693}"
EndProject
Project("{F184B08F-C81C-45F6-A57F-5ABD9991F28F}") = "SIASG_00_PREGOES_DOWNLOAD_OFF_SET_DESC", "SIASG_00_PREGOES_DOWNLOAD_OFF_SET_DESC\SIASG_00_PREGOES_DOWNLOAD_OFF_SET_DESC.vbproj", "{3330BB30-65C9-46E8-B032-511D93533DD1}"
EndProject
Project("{F184B08F-C81C-45F6-A57F-5ABD9991F28F}") = "SIASG_00_PREGOES_DOWNLOAD_OFF_SET_ASC", "SIASG_00_PREGOES_DOWNLOAD_OFF_SET_ASC\SIASG_00_PREGOES_DOWNLOAD_OFF_SET_ASC.vbproj", "{99A02639-B61E-4907-A24C-0E532FD6CD44}"
EndProject
Project("{F184B08F-C81C-45F6-A57F-5ABD9991F28F}") = "SIASG_06_LICITACOES_ITENS_DOWNLOAD", "SIASG_06_LICITACOES_ITENS_DOWNLOAD\SIASG_06_LICITACOES_ITENS_DOWNLOAD.vbproj", "{3E9E1EBA-89B2-45A6-8314-89FCF0B6A427}"
EndProject
Project("{F184B08F-C81C-45F6-A57F-5ABD9991F28F}") = "SIASG_06_LICITACOES_ITENS_DOWNLOAD_6515", "SIASG_06_LICITACOES_ITENS_DOWNLOAD_6515\SIASG_06_LICITACOES_ITENS_DOWNLOAD_6515.vbproj", "{80337BB3-FEAC-461E-BE44-DA42C4286286}"
EndProject
Project("{F184B08F-C81C-45F6-A57F-5ABD9991F28F}") = "SIASG_04_MATERIAIS_DOWNLOAD_GHI_MEDITRONIC", "SIASG_04_MATERIAIS_DOWNLOAD_GHI_MEDITRONIC\SIASG_04_MATERIAIS_DOWNLOAD_GHI_MEDITRONIC.vbproj", "{F8A3EB11-1C7B-478A-ACB6-D84BFC2A087A}"
EndProject
Project("{F184B08F-C81C-45F6-A57F-5ABD9991F28F}") = "SIASG_06_LICITACOES_ITENS_DOWNLOAD_GHI_MEDITRONIC", "SIASG_06_GHI_LICITACOES_ITENS_DOWNLOAD_GHI_MEDITRONIC\SIASG_06_LICITACOES_ITENS_DOWNLOAD_GHI_MEDITRONIC.vbproj", "{9F12B005-1DF6-4295-92F2-774DE698B0FB}"
EndProject
Project("{F184B08F-C81C-45F6-A57F-5ABD9991F28F}") = "SIASG_06_LICITACOES_ITENS_IMPORT", "SIASG_06_LICITACOES_ITENS_IMPORT\SIASG_06_LICITACOES_ITENS_IMPORT.vbproj", "{5B66DDCC-5450-4B74-84A9-41E3E647B3B2}"
EndProject
Project("{F184B08F-C81C-45F6-A57F-5ABD9991F28F}") = "SIASG_07_PREGOES_DOWNLOAD", "SIASG_07_PREGOES_DOWNLOAD\SIASG_07_PREGOES_DOWNLOAD.vbproj", "{036193B4-125A-4646-ACFB-D69B664C78E3}"
EndProject
Project("{F184B08F-C81C-45F6-A57F-5ABD9991F28F}") = "SIASG_07_PREGOES_DOWNLOAD_GHI_MEDITRONIC", "SIASG_07_PREGOES_DOWNLOAD_GHI_MEDITRONIC\SIASG_07_PREGOES_DOWNLOAD_GHI_MEDITRONIC.vbproj", "{F6D5A01A-CE55-49BB-9D54-CDF6222D0658}"
EndProject
Project("{F184B08F-C81C-45F6-A57F-5ABD9991F28F}") = "SIASG_07_PREGOES_DOWNLOAD_6515", "SIASG_07_PREGOES_DOWNLOAD_6515\SIASG_07_PREGOES_DOWNLOAD_6515.vbproj", "{964D219A-9A29-4F03-8A18-1875701C1887}"
EndProject
Project("{F184B08F-C81C-45F6-A57F-5ABD9991F28F}") = "SIASG_07_PREGOES_IMPORT", "SIASG_07_PREGOES_IMPORT\SIASG_07_PREGOES_IMPORT.vbproj", "{47A678CD-FDA8-4D74-BB3B-99DAC231F74F}"
EndProject
Project("{F184B08F-C81C-45F6-A57F-5ABD9991F28F}") = "SIASG_08_PREGOES_ITENS_DOWNLOAD", "SIASG_08_PREGOES_ITENS_DOWNLOAD\SIASG_08_PREGOES_ITENS_DOWNLOAD.vbproj", "{B691EFA8-3D70-41B5-847F-38283ED463A7}"
EndProject
Project("{F184B08F-C81C-45F6-A57F-5ABD9991F28F}") = "SIASG_08_PREGOES_ITENS_DOWNLOAD_GHI_MEDITRONIC", "SIASG_08_PREGOES_ITENS_DOWNLOAD_GHI_MEDITRONIC\SIASG_08_PREGOES_ITENS_DOWNLOAD_GHI_MEDITRONIC.vbproj", "{15959A9D-7FA3-4165-A874-DD01BA5A8743}"
EndProject
Project("{F184B08F-C81C-45F6-A57F-5ABD9991F28F}") = "SIASG_08_PREGOES_ITENS_IMPORT", "SIASG_08_PREGOES_ITENS_IMPORT\SIASG_08_PREGOES_ITENS_IMPORT.vbproj", "{BA6A1D23-582D-4486-A43F-B91FC64F8395}"
EndProject
Project("{F184B08F-C81C-45F6-A57F-5ABD9991F28F}") = "SIASG_09_PROPOSTAS_DOWNLOAD", "SIASG_09_PROPOSTAS_DOWNLOAD\SIASG_09_PROPOSTAS_DOWNLOAD.vbproj", "{FE977216-59A3-4F41-9267-1C20015CAA17}"
EndProject
Project("{F184B08F-C81C-45F6-A57F-5ABD9991F28F}") = "SIASG_08_PREGOES_ITENS_DOWNLOAD_6515", "SIASG_08_PREGOES_ITENS_DOWNLOAD_6515\SIASG_08_PREGOES_ITENS_DOWNLOAD_6515.vbproj", "{A2E868F0-02B1-4F0F-B990-C75EF354E9E3}"
EndProject
Project("{F184B08F-C81C-45F6-A57F-5ABD9991F28F}") = "SIASG_09_PROPOSTAS_IMPORT", "SIASG_09_PROPOSTAS_IMPORT\SIASG_09_PROPOSTAS_IMPORT.vbproj", "{399EF644-36FB-448A-8EA9-DB7294ECF6FE}"
EndProject
Project("{F184B08F-C81C-45F6-A57F-5ABD9991F28F}") = "SIASG_10_RESULTADOS_DOWNLOAD", "SIASG_10_RESULTADOS_DOWNLOAD\SIASG_10_RESULTADOS_DOWNLOAD.vbproj", "{E30DAEFC-D477-4469-B53E-7B215A3A8535}"
EndProject
Project("{F184B08F-C81C-45F6-A57F-5ABD9991F28F}") = "SIASG_10_RESULTADOS_LINKS_IMPORT", "SIASG_10_RESULTADOS_LINKS_IMPORT\SIASG_10_RESULTADOS_LINKS_IMPORT.vbproj", "{0CF090AD-C688-4A01-9EB9-1CA66DD9C03D}"
EndProject
Project("{F184B08F-C81C-45F6-A57F-5ABD9991F28F}") = "SIASG_10_RESULTADOS_LINKS_DOWNLOAD", "SIASG_10_RESULTADOS_LINKS_DOWNLOAD\SIASG_10_RESULTADOS_LINKS_DOWNLOAD.vbproj", "{9D8E894B-F669-4256-8DAC-F2126F00A579}"
EndProject
Project("{F184B08F-C81C-45F6-A57F-5ABD9991F28F}") = "SIASG_11_RESULTADOS_DOWNLOAD", "SIASG_11_RESULTADOS_DOWNLOAD\SIASG_11_RESULTADOS_DOWNLOAD.vbproj", "{7727D34C-7AE2-4C7E-99A1-F194EF89800F}"
EndProject
Project("{F184B08F-C81C-45F6-A57F-5ABD9991F28F}") = "SIASG_00_FORNECEDORES_DOWNLOAD", "SIASG_00_FORNECEDORES_DOWNLOAD\SIASG_00_FORNECEDORES_DOWNLOAD.vbproj", "{80E45D7F-A27F-4DFD-AD59-8D8D1034C273}"
EndProject
Project("{F184B08F-C81C-45F6-A57F-5ABD9991F28F}") = "SIASG_00_FORNECEDORES_IMPORT", "SIASG_00_FORNECEDORES_IMPORT\SIASG_00_FORNECEDORES_IMPORT.vbproj", "{28180261-CD74-4AAF-A556-209DAFC7D3AF}"
EndProject
Project("{F184B08F-C81C-45F6-A57F-5ABD9991F28F}") = "SIASG_11_RESULTADOS_IMPORT", "SIASG_11_RESULTADOS_IMPORT\SIASG_11_RESULTADOS_IMPORT.vbproj", "{AC463533-BB92-49E1-8F87-43483409818A}"
EndProject
Project("{F184B08F-C81C-45F6-A57F-5ABD9991F28F}") = "teste_Timeout", "teste_Timeout\teste_Timeout.vbproj", "{0217C8BC-BCFF-4D2B-9FD8-0C6DF011FB2A}"
EndProject
Global
	GlobalSection(SolutionConfigurationPlatforms) = preSolution
		Debug|Any CPU = Debug|Any CPU
		Release|Any CPU = Release|Any CPU
	EndGlobalSection
	GlobalSection(ProjectConfigurationPlatforms) = postSolution
		{C8CE700B-3C6F-4F96-92AC-D990CF49699F}.Debug|Any CPU.ActiveCfg = Debug|Any CPU
		{C8CE700B-3C6F-4F96-92AC-D990CF49699F}.Debug|Any CPU.Build.0 = Debug|Any CPU
		{C8CE700B-3C6F-4F96-92AC-D990CF49699F}.Release|Any CPU.ActiveCfg = Release|Any CPU
		{C8CE700B-3C6F-4F96-92AC-D990CF49699F}.Release|Any CPU.Build.0 = Release|Any CPU
		{31442B78-F2FC-4F58-B2D1-AA7458BCCE52}.Debug|Any CPU.ActiveCfg = Debug|Any CPU
		{31442B78-F2FC-4F58-B2D1-AA7458BCCE52}.Debug|Any CPU.Build.0 = Debug|Any CPU
		{31442B78-F2FC-4F58-B2D1-AA7458BCCE52}.Release|Any CPU.ActiveCfg = Release|Any CPU
		{31442B78-F2FC-4F58-B2D1-AA7458BCCE52}.Release|Any CPU.Build.0 = Release|Any CPU
		{C93B6F93-9F23-4917-B883-9E7F55B825D1}.Debug|Any CPU.ActiveCfg = Debug|Any CPU
		{C93B6F93-9F23-4917-B883-9E7F55B825D1}.Debug|Any CPU.Build.0 = Debug|Any CPU
		{C93B6F93-9F23-4917-B883-9E7F55B825D1}.Release|Any CPU.ActiveCfg = Release|Any CPU
		{C93B6F93-9F23-4917-B883-9E7F55B825D1}.Release|Any CPU.Build.0 = Release|Any CPU
		{658EE128-8A6F-46CC-BE61-4AAA2C12BFE7}.Debug|Any CPU.ActiveCfg = Debug|Any CPU
		{658EE128-8A6F-46CC-BE61-4AAA2C12BFE7}.Debug|Any CPU.Build.0 = Debug|Any CPU
		{658EE128-8A6F-46CC-BE61-4AAA2C12BFE7}.Release|Any CPU.ActiveCfg = Release|Any CPU
		{658EE128-8A6F-46CC-BE61-4AAA2C12BFE7}.Release|Any CPU.Build.0 = Release|Any CPU
		{97A8D1F9-3203-4EBA-A685-419675AD1BC3}.Debug|Any CPU.ActiveCfg = Debug|Any CPU
		{97A8D1F9-3203-4EBA-A685-419675AD1BC3}.Debug|Any CPU.Build.0 = Debug|Any CPU
		{97A8D1F9-3203-4EBA-A685-419675AD1BC3}.Release|Any CPU.ActiveCfg = Release|Any CPU
		{97A8D1F9-3203-4EBA-A685-419675AD1BC3}.Release|Any CPU.Build.0 = Release|Any CPU
		{86A008B7-C1F5-44E0-A5F3-204AEB71B304}.Debug|Any CPU.ActiveCfg = Debug|Any CPU
		{86A008B7-C1F5-44E0-A5F3-204AEB71B304}.Debug|Any CPU.Build.0 = Debug|Any CPU
		{86A008B7-C1F5-44E0-A5F3-204AEB71B304}.Release|Any CPU.ActiveCfg = Release|Any CPU
		{86A008B7-C1F5-44E0-A5F3-204AEB71B304}.Release|Any CPU.Build.0 = Release|Any CPU
		{3766C71A-6D46-4EEC-8B72-4D0D0A45904F}.Debug|Any CPU.ActiveCfg = Debug|Any CPU
		{3766C71A-6D46-4EEC-8B72-4D0D0A45904F}.Debug|Any CPU.Build.0 = Debug|Any CPU
		{3766C71A-6D46-4EEC-8B72-4D0D0A45904F}.Release|Any CPU.ActiveCfg = Release|Any CPU
		{3766C71A-6D46-4EEC-8B72-4D0D0A45904F}.Release|Any CPU.Build.0 = Release|Any CPU
		{F7C69809-9EC7-4431-BB4B-742434F07E22}.Debug|Any CPU.ActiveCfg = Debug|Any CPU
		{F7C69809-9EC7-4431-BB4B-742434F07E22}.Debug|Any CPU.Build.0 = Debug|Any CPU
		{F7C69809-9EC7-4431-BB4B-742434F07E22}.Release|Any CPU.ActiveCfg = Release|Any CPU
		{F7C69809-9EC7-4431-BB4B-742434F07E22}.Release|Any CPU.Build.0 = Release|Any CPU
		{975EBAE7-BAE9-4A0D-86CB-28942076BA03}.Debug|Any CPU.ActiveCfg = Debug|Any CPU
		{975EBAE7-BAE9-4A0D-86CB-28942076BA03}.Debug|Any CPU.Build.0 = Debug|Any CPU
		{975EBAE7-BAE9-4A0D-86CB-28942076BA03}.Release|Any CPU.ActiveCfg = Release|Any CPU
		{975EBAE7-BAE9-4A0D-86CB-28942076BA03}.Release|Any CPU.Build.0 = Release|Any CPU
		{4F5E9BE5-A44D-49D2-AD4A-A100491DA3C3}.Debug|Any CPU.ActiveCfg = Debug|Any CPU
		{4F5E9BE5-A44D-49D2-AD4A-A100491DA3C3}.Debug|Any CPU.Build.0 = Debug|Any CPU
		{4F5E9BE5-A44D-49D2-AD4A-A100491DA3C3}.Release|Any CPU.ActiveCfg = Release|Any CPU
		{4F5E9BE5-A44D-49D2-AD4A-A100491DA3C3}.Release|Any CPU.Build.0 = Release|Any CPU
		{CDABF63B-26CA-42B1-809D-59760744FA90}.Debug|Any CPU.ActiveCfg = Debug|Any CPU
		{CDABF63B-26CA-42B1-809D-59760744FA90}.Debug|Any CPU.Build.0 = Debug|Any CPU
		{CDABF63B-26CA-42B1-809D-59760744FA90}.Release|Any CPU.ActiveCfg = Release|Any CPU
		{CDABF63B-26CA-42B1-809D-59760744FA90}.Release|Any CPU.Build.0 = Release|Any CPU
		{597FBA92-0659-4604-B5A7-15C34F6DCB51}.Debug|Any CPU.ActiveCfg = Debug|Any CPU
		{597FBA92-0659-4604-B5A7-15C34F6DCB51}.Debug|Any CPU.Build.0 = Debug|Any CPU
		{597FBA92-0659-4604-B5A7-15C34F6DCB51}.Release|Any CPU.ActiveCfg = Release|Any CPU
		{597FBA92-0659-4604-B5A7-15C34F6DCB51}.Release|Any CPU.Build.0 = Release|Any CPU
		{FC8AA02F-F0D7-4896-B727-EDFF9CC8E4AD}.Debug|Any CPU.ActiveCfg = Debug|Any CPU
		{FC8AA02F-F0D7-4896-B727-EDFF9CC8E4AD}.Debug|Any CPU.Build.0 = Debug|Any CPU
		{FC8AA02F-F0D7-4896-B727-EDFF9CC8E4AD}.Release|Any CPU.ActiveCfg = Release|Any CPU
		{FC8AA02F-F0D7-4896-B727-EDFF9CC8E4AD}.Release|Any CPU.Build.0 = Release|Any CPU
		{37D6431B-06CC-48EB-834C-3496862EF4FF}.Debug|Any CPU.ActiveCfg = Debug|Any CPU
		{37D6431B-06CC-48EB-834C-3496862EF4FF}.Debug|Any CPU.Build.0 = Debug|Any CPU
		{37D6431B-06CC-48EB-834C-3496862EF4FF}.Release|Any CPU.ActiveCfg = Release|Any CPU
		{37D6431B-06CC-48EB-834C-3496862EF4FF}.Release|Any CPU.Build.0 = Release|Any CPU
		{C0713D1D-0745-4DF4-931C-B37BAF30EFBB}.Debug|Any CPU.ActiveCfg = Debug|Any CPU
		{C0713D1D-0745-4DF4-931C-B37BAF30EFBB}.Debug|Any CPU.Build.0 = Debug|Any CPU
		{C0713D1D-0745-4DF4-931C-B37BAF30EFBB}.Release|Any CPU.ActiveCfg = Release|Any CPU
		{C0713D1D-0745-4DF4-931C-B37BAF30EFBB}.Release|Any CPU.Build.0 = Release|Any CPU
		{99198B89-8032-4B3D-93FD-AE0D685C45B4}.Debug|Any CPU.ActiveCfg = Debug|Any CPU
		{99198B89-8032-4B3D-93FD-AE0D685C45B4}.Debug|Any CPU.Build.0 = Debug|Any CPU
		{99198B89-8032-4B3D-93FD-AE0D685C45B4}.Release|Any CPU.ActiveCfg = Release|Any CPU
		{99198B89-8032-4B3D-93FD-AE0D685C45B4}.Release|Any CPU.Build.0 = Release|Any CPU
		{12C6F767-3EF5-48C1-8911-504628864693}.Debug|Any CPU.ActiveCfg = Debug|Any CPU
		{12C6F767-3EF5-48C1-8911-504628864693}.Debug|Any CPU.Build.0 = Debug|Any CPU
		{12C6F767-3EF5-48C1-8911-504628864693}.Release|Any CPU.ActiveCfg = Release|Any CPU
		{12C6F767-3EF5-48C1-8911-504628864693}.Release|Any CPU.Build.0 = Release|Any CPU
		{3330BB30-65C9-46E8-B032-511D93533DD1}.Debug|Any CPU.ActiveCfg = Debug|Any CPU
		{3330BB30-65C9-46E8-B032-511D93533DD1}.Debug|Any CPU.Build.0 = Debug|Any CPU
		{3330BB30-65C9-46E8-B032-511D93533DD1}.Release|Any CPU.ActiveCfg = Release|Any CPU
		{3330BB30-65C9-46E8-B032-511D93533DD1}.Release|Any CPU.Build.0 = Release|Any CPU
		{99A02639-B61E-4907-A24C-0E532FD6CD44}.Debug|Any CPU.ActiveCfg = Debug|Any CPU
		{99A02639-B61E-4907-A24C-0E532FD6CD44}.Debug|Any CPU.Build.0 = Debug|Any CPU
		{99A02639-B61E-4907-A24C-0E532FD6CD44}.Release|Any CPU.ActiveCfg = Release|Any CPU
		{99A02639-B61E-4907-A24C-0E532FD6CD44}.Release|Any CPU.Build.0 = Release|Any CPU
		{3E9E1EBA-89B2-45A6-8314-89FCF0B6A427}.Debug|Any CPU.ActiveCfg = Debug|Any CPU
		{3E9E1EBA-89B2-45A6-8314-89FCF0B6A427}.Debug|Any CPU.Build.0 = Debug|Any CPU
		{3E9E1EBA-89B2-45A6-8314-89FCF0B6A427}.Release|Any CPU.ActiveCfg = Release|Any CPU
		{3E9E1EBA-89B2-45A6-8314-89FCF0B6A427}.Release|Any CPU.Build.0 = Release|Any CPU
		{80337BB3-FEAC-461E-BE44-DA42C4286286}.Debug|Any CPU.ActiveCfg = Debug|Any CPU
		{80337BB3-FEAC-461E-BE44-DA42C4286286}.Debug|Any CPU.Build.0 = Debug|Any CPU
		{80337BB3-FEAC-461E-BE44-DA42C4286286}.Release|Any CPU.ActiveCfg = Release|Any CPU
		{80337BB3-FEAC-461E-BE44-DA42C4286286}.Release|Any CPU.Build.0 = Release|Any CPU
		{F8A3EB11-1C7B-478A-ACB6-D84BFC2A087A}.Debug|Any CPU.ActiveCfg = Debug|Any CPU
		{F8A3EB11-1C7B-478A-ACB6-D84BFC2A087A}.Debug|Any CPU.Build.0 = Debug|Any CPU
		{F8A3EB11-1C7B-478A-ACB6-D84BFC2A087A}.Release|Any CPU.ActiveCfg = Release|Any CPU
		{F8A3EB11-1C7B-478A-ACB6-D84BFC2A087A}.Release|Any CPU.Build.0 = Release|Any CPU
		{9F12B005-1DF6-4295-92F2-774DE698B0FB}.Debug|Any CPU.ActiveCfg = Debug|Any CPU
		{9F12B005-1DF6-4295-92F2-774DE698B0FB}.Debug|Any CPU.Build.0 = Debug|Any CPU
		{9F12B005-1DF6-4295-92F2-774DE698B0FB}.Release|Any CPU.ActiveCfg = Release|Any CPU
		{9F12B005-1DF6-4295-92F2-774DE698B0FB}.Release|Any CPU.Build.0 = Release|Any CPU
		{5B66DDCC-5450-4B74-84A9-41E3E647B3B2}.Debug|Any CPU.ActiveCfg = Debug|Any CPU
		{5B66DDCC-5450-4B74-84A9-41E3E647B3B2}.Debug|Any CPU.Build.0 = Debug|Any CPU
		{5B66DDCC-5450-4B74-84A9-41E3E647B3B2}.Release|Any CPU.ActiveCfg = Release|Any CPU
		{5B66DDCC-5450-4B74-84A9-41E3E647B3B2}.Release|Any CPU.Build.0 = Release|Any CPU
		{036193B4-125A-4646-ACFB-D69B664C78E3}.Debug|Any CPU.ActiveCfg = Debug|Any CPU
		{036193B4-125A-4646-ACFB-D69B664C78E3}.Debug|Any CPU.Build.0 = Debug|Any CPU
		{036193B4-125A-4646-ACFB-D69B664C78E3}.Release|Any CPU.ActiveCfg = Release|Any CPU
		{036193B4-125A-4646-ACFB-D69B664C78E3}.Release|Any CPU.Build.0 = Release|Any CPU
		{F6D5A01A-CE55-49BB-9D54-CDF6222D0658}.Debug|Any CPU.ActiveCfg = Debug|Any CPU
		{F6D5A01A-CE55-49BB-9D54-CDF6222D0658}.Debug|Any CPU.Build.0 = Debug|Any CPU
		{F6D5A01A-CE55-49BB-9D54-CDF6222D0658}.Release|Any CPU.ActiveCfg = Release|Any CPU
		{F6D5A01A-CE55-49BB-9D54-CDF6222D0658}.Release|Any CPU.Build.0 = Release|Any CPU
		{964D219A-9A29-4F03-8A18-1875701C1887}.Debug|Any CPU.ActiveCfg = Debug|Any CPU
		{964D219A-9A29-4F03-8A18-1875701C1887}.Debug|Any CPU.Build.0 = Debug|Any CPU
		{964D219A-9A29-4F03-8A18-1875701C1887}.Release|Any CPU.ActiveCfg = Release|Any CPU
		{964D219A-9A29-4F03-8A18-1875701C1887}.Release|Any CPU.Build.0 = Release|Any CPU
		{47A678CD-FDA8-4D74-BB3B-99DAC231F74F}.Debug|Any CPU.ActiveCfg = Debug|Any CPU
		{47A678CD-FDA8-4D74-BB3B-99DAC231F74F}.Debug|Any CPU.Build.0 = Debug|Any CPU
		{47A678CD-FDA8-4D74-BB3B-99DAC231F74F}.Release|Any CPU.ActiveCfg = Release|Any CPU
		{47A678CD-FDA8-4D74-BB3B-99DAC231F74F}.Release|Any CPU.Build.0 = Release|Any CPU
		{B691EFA8-3D70-41B5-847F-38283ED463A7}.Debug|Any CPU.ActiveCfg = Debug|Any CPU
		{B691EFA8-3D70-41B5-847F-38283ED463A7}.Debug|Any CPU.Build.0 = Debug|Any CPU
		{B691EFA8-3D70-41B5-847F-38283ED463A7}.Release|Any CPU.ActiveCfg = Release|Any CPU
		{B691EFA8-3D70-41B5-847F-38283ED463A7}.Release|Any CPU.Build.0 = Release|Any CPU
		{15959A9D-7FA3-4165-A874-DD01BA5A8743}.Debug|Any CPU.ActiveCfg = Debug|Any CPU
		{15959A9D-7FA3-4165-A874-DD01BA5A8743}.Debug|Any CPU.Build.0 = Debug|Any CPU
		{15959A9D-7FA3-4165-A874-DD01BA5A8743}.Release|Any CPU.ActiveCfg = Release|Any CPU
		{15959A9D-7FA3-4165-A874-DD01BA5A8743}.Release|Any CPU.Build.0 = Release|Any CPU
		{BA6A1D23-582D-4486-A43F-B91FC64F8395}.Debug|Any CPU.ActiveCfg = Debug|Any CPU
		{BA6A1D23-582D-4486-A43F-B91FC64F8395}.Debug|Any CPU.Build.0 = Debug|Any CPU
		{BA6A1D23-582D-4486-A43F-B91FC64F8395}.Release|Any CPU.ActiveCfg = Release|Any CPU
		{BA6A1D23-582D-4486-A43F-B91FC64F8395}.Release|Any CPU.Build.0 = Release|Any CPU
		{FE977216-59A3-4F41-9267-1C20015CAA17}.Debug|Any CPU.ActiveCfg = Debug|Any CPU
		{FE977216-59A3-4F41-9267-1C20015CAA17}.Debug|Any CPU.Build.0 = Debug|Any CPU
		{FE977216-59A3-4F41-9267-1C20015CAA17}.Release|Any CPU.ActiveCfg = Release|Any CPU
		{FE977216-59A3-4F41-9267-1C20015CAA17}.Release|Any CPU.Build.0 = Release|Any CPU
		{A2E868F0-02B1-4F0F-B990-C75EF354E9E3}.Debug|Any CPU.ActiveCfg = Debug|Any CPU
		{A2E868F0-02B1-4F0F-B990-C75EF354E9E3}.Debug|Any CPU.Build.0 = Debug|Any CPU
		{A2E868F0-02B1-4F0F-B990-C75EF354E9E3}.Release|Any CPU.ActiveCfg = Release|Any CPU
		{A2E868F0-02B1-4F0F-B990-C75EF354E9E3}.Release|Any CPU.Build.0 = Release|Any CPU
		{399EF644-36FB-448A-8EA9-DB7294ECF6FE}.Debug|Any CPU.ActiveCfg = Debug|Any CPU
		{399EF644-36FB-448A-8EA9-DB7294ECF6FE}.Debug|Any CPU.Build.0 = Debug|Any CPU
		{399EF644-36FB-448A-8EA9-DB7294ECF6FE}.Release|Any CPU.ActiveCfg = Release|Any CPU
		{399EF644-36FB-448A-8EA9-DB7294ECF6FE}.Release|Any CPU.Build.0 = Release|Any CPU
		{E30DAEFC-D477-4469-B53E-7B215A3A8535}.Debug|Any CPU.ActiveCfg = Debug|Any CPU
		{E30DAEFC-D477-4469-B53E-7B215A3A8535}.Debug|Any CPU.Build.0 = Debug|Any CPU
		{E30DAEFC-D477-4469-B53E-7B215A3A8535}.Release|Any CPU.ActiveCfg = Release|Any CPU
		{E30DAEFC-D477-4469-B53E-7B215A3A8535}.Release|Any CPU.Build.0 = Release|Any CPU
		{0CF090AD-C688-4A01-9EB9-1CA66DD9C03D}.Debug|Any CPU.ActiveCfg = Debug|Any CPU
		{0CF090AD-C688-4A01-9EB9-1CA66DD9C03D}.Debug|Any CPU.Build.0 = Debug|Any CPU
		{0CF090AD-C688-4A01-9EB9-1CA66DD9C03D}.Release|Any CPU.ActiveCfg = Release|Any CPU
		{0CF090AD-C688-4A01-9EB9-1CA66DD9C03D}.Release|Any CPU.Build.0 = Release|Any CPU
		{9D8E894B-F669-4256-8DAC-F2126F00A579}.Debug|Any CPU.ActiveCfg = Debug|Any CPU
		{9D8E894B-F669-4256-8DAC-F2126F00A579}.Debug|Any CPU.Build.0 = Debug|Any CPU
		{9D8E894B-F669-4256-8DAC-F2126F00A579}.Release|Any CPU.ActiveCfg = Release|Any CPU
		{9D8E894B-F669-4256-8DAC-F2126F00A579}.Release|Any CPU.Build.0 = Release|Any CPU
		{7727D34C-7AE2-4C7E-99A1-F194EF89800F}.Debug|Any CPU.ActiveCfg = Debug|Any CPU
		{7727D34C-7AE2-4C7E-99A1-F194EF89800F}.Debug|Any CPU.Build.0 = Debug|Any CPU
		{7727D34C-7AE2-4C7E-99A1-F194EF89800F}.Release|Any CPU.ActiveCfg = Release|Any CPU
		{7727D34C-7AE2-4C7E-99A1-F194EF89800F}.Release|Any CPU.Build.0 = Release|Any CPU
		{80E45D7F-A27F-4DFD-AD59-8D8D1034C273}.Debug|Any CPU.ActiveCfg = Debug|Any CPU
		{80E45D7F-A27F-4DFD-AD59-8D8D1034C273}.Debug|Any CPU.Build.0 = Debug|Any CPU
		{80E45D7F-A27F-4DFD-AD59-8D8D1034C273}.Release|Any CPU.ActiveCfg = Release|Any CPU
		{80E45D7F-A27F-4DFD-AD59-8D8D1034C273}.Release|Any CPU.Build.0 = Release|Any CPU
		{28180261-CD74-4AAF-A556-209DAFC7D3AF}.Debug|Any CPU.ActiveCfg = Debug|Any CPU
		{28180261-CD74-4AAF-A556-209DAFC7D3AF}.Debug|Any CPU.Build.0 = Debug|Any CPU
		{28180261-CD74-4AAF-A556-209DAFC7D3AF}.Release|Any CPU.ActiveCfg = Release|Any CPU
		{28180261-CD74-4AAF-A556-209DAFC7D3AF}.Release|Any CPU.Build.0 = Release|Any CPU
		{AC463533-BB92-49E1-8F87-43483409818A}.Debug|Any CPU.ActiveCfg = Debug|Any CPU
		{AC463533-BB92-49E1-8F87-43483409818A}.Debug|Any CPU.Build.0 = Debug|Any CPU
		{AC463533-BB92-49E1-8F87-43483409818A}.Release|Any CPU.ActiveCfg = Release|Any CPU
		{AC463533-BB92-49E1-8F87-43483409818A}.Release|Any CPU.Build.0 = Release|Any CPU
		{0217C8BC-BCFF-4D2B-9FD8-0C6DF011FB2A}.Debug|Any CPU.ActiveCfg = Debug|Any CPU
		{0217C8BC-BCFF-4D2B-9FD8-0C6DF011FB2A}.Debug|Any CPU.Build.0 = Debug|Any CPU
		{0217C8BC-BCFF-4D2B-9FD8-0C6DF011FB2A}.Release|Any CPU.ActiveCfg = Release|Any CPU
		{0217C8BC-BCFF-4D2B-9FD8-0C6DF011FB2A}.Release|Any CPU.Build.0 = Release|Any CPU
	EndGlobalSection
	GlobalSection(SolutionProperties) = preSolution
		HideSolutionNode = FALSE
	EndGlobalSection
	GlobalSection(ExtensibilityGlobals) = postSolution
		SolutionGuid = {5E50BD9A-3F2B-471A-9717-0D4E5F3F053A}
	EndGlobalSection
EndGlobal
